# THIS IS AN AUTOGENERATED FILE. DO NOT EDIT THIS FILE DIRECTLY.
# yarn lockfile v1


js-utils@^1.0.1:
  version "1.0.1"
  resolved "http://fhe.gunmetalblack.net/js-utils/-/js-utils-1.0.1.tgz#237381b75d39332fff6462a4a80a8134541168c0"
  integrity sha512-XnLvKQdgiZJ2D2WmXvxq822sLCKRWK1bkv/MzmOvw97uldatfNs4M3676nIfOi5tYI/uGiiKc5niFlwwAlvZqg==
  dependencies:
    moment "^2.24.0"

moment@^2.24.0:
  version "2.29.1"
  resolved "http://fhe.gunmetalblack.net/moment/-/moment-2.29.1.tgz#b2be769fa31940be9eeea6469c075e35006fa3d3"
  integrity sha512-kHmoybcPV8Sqy59DwNDY3Jefr64lK/by/da0ViFcuA4DH0vQg5Q6Ze5VimxkfQNSC+Mls/Kx53s7TjP1RhFEDQ==
