# THIS IS AN AUTOGENERATED FILE. DO NOT EDIT THIS FILE DIRECTLY.
# yarn lockfile v1


"@knfcz/js-utils@^3.0.3":
  version "3.0.3"
  resolved "https://registry.yarnpkg.com/@knfcz/js-utils/-/js-utils-3.0.3.tgz#bdb5674c93575b6877df309b0fb5a2b7f6d76bfb"
  integrity sha512-hjlA7qvoOeagtJy8242WW0A66x/ywBkho7ica3bSyBJPqXQxrJAwP+BTo+/cdbqL2aTio2w14OrTAjj5vi99Ag==
  dependencies:
    ts-curry "^1.0.4"

ts-curry@^1.0.4:
  version "1.0.4"
  resolved "https://registry.yarnpkg.com/ts-curry/-/ts-curry-1.0.4.tgz#cf677765e0dd4dbb21cf989d6a7586b5d5e175e1"
  integrity sha512-mJGJ6jcY6gm+tYUcw5gBqHaSkb1Mw3w28PbRJAZP+kraalEv6MpMHy+y3fsTBhQpcR7BpcqDmRcvdC4sn/6U5A==
